
Microsoft Visual Studio Solution File, Format Version 12.00
# Visual Studio Version 17
VisualStudioVersion = 17.11.35327.3
MinimumVisualStudioVersion = 10.0.40219.1
Project("{FAE04EC0-301F-11D3-BF4B-00C04F79EFBC}") = "test", "test.csproj", "{14DADAB2-BD29-4329-87DE-8BF17FFEA690}"
EndProject
Global
	GlobalSection(SolutionConfigurationPlatforms) = preSolution
		Debug|Any CPU = Debug|Any CPU
		Release|Any CPU = Release|Any CPU
	EndGlobalSection
	GlobalSection(ProjectConfigurationPlatforms) = postSolution
		{14DADAB2-BD29-4329-87DE-8BF17FFEA690}.Debug|Any CPU.ActiveCfg = Debug|Any CPU
		{14DADAB2-BD29-4329-87DE-8BF17FFEA690}.Debug|Any CPU.Build.0 = Debug|Any CPU
		{14DADAB2-BD29-4329-87DE-8BF17FFEA690}.Release|Any CPU.ActiveCfg = Release|Any CPU
		{14DADAB2-BD29-4329-87DE-8BF17FFEA690}.Release|Any CPU.Build.0 = Release|Any CPU
	EndGlobalSection
	GlobalSection(SolutionProperties) = preSolution
		HideSolutionNode = FALSE
	EndGlobalSection
	GlobalSection(ExtensibilityGlobals) = postSolution
		SolutionGuid = {3430532B-2E1C-4E8B-9983-7401489335DF}
	EndGlobalSection
EndGlobal
